<?xml version="1.0" encoding="utf-8"?>
<Project ToolsVersion="4.0" xmlns="http://schemas.microsoft.com/developer/msbuild/2003">
  <ItemGroup>
    <Filter Include="源文件">
      <UniqueIdentifier>{4FC737F1-C7A5-4376-A066-2A32D752A2FF}</UniqueIdentifier>
      <Extensions>cpp;c;cc;cxx;c++;cppm;ixx;def;odl;idl;hpj;bat;asm;asmx</Extensions>
    </Filter>
    <Filter Include="头文件">
      <UniqueIdentifier>{93995380-89BD-4b04-88EB-625FBE52EBFB}</UniqueIdentifier>
      <Extensions>h;hh;hpp;hxx;h++;hm;inl;inc;ipp;xsd</Extensions>
    </Filter>
    <Filter Include="资源文件">
      <UniqueIdentifier>{67DA6AB6-F800-4c08-8B7A-83BB121AAD01}</UniqueIdentifier>
      <Extensions>rc;ico;cur;bmp;dlg;rc2;rct;bin;rgs;gif;jpg;jpeg;jpe;resx;tiff;tif;png;wav;mfcribbon-ms</Extensions>
    </Filter>
    <Filter Include="Source">
      <UniqueIdentifier>{cef708e4-68ac-420c-83d5-9d9900d54d3e}</UniqueIdentifier>
    </Filter>
  </ItemGroup>
  <ItemGroup>
    <ClCompile Include="unique_ptr.cpp">
      <Filter>源文件</Filter>
    </ClCompile>
    <ClCompile Include="unique.cpp">
      <Filter>Source</Filter>
    </ClCompile>
    <ClCompile Include="unique_Rel.cpp">
      <Filter>Source</Filter>
    </ClCompile>
    <ClCompile Include="shared_ptr.cpp">
      <Filter>源文件</Filter>
    </ClCompile>
    <ClCompile Include="weak_ptr.cpp">
      <Filter>源文件</Filter>
    </ClCompile>
    <ClCompile Include="shared_Rel.cpp">
      <Filter>Source</Filter>
    </ClCompile>
  </ItemGroup>
</Project>